
Microsoft Visual Studio Solution File, Format Version 12.00
# Visual Studio Version 17
VisualStudioVersion = 17.1.32319.34
MinimumVisualStudioVersion = 10.0.40219.1
Project("{FAE04EC0-301F-11D3-BF4B-00C04F79EFBC}") = "Webcam", "Webcam\Webcam.csproj", "{F706932A-4736-4FA8-BBF5-A320F79F995E}"
EndProject
Global
	GlobalSection(SolutionConfigurationPlatforms) = preSolution
		Debug|Any CPU = Debug|Any CPU
		Release|Any CPU = Release|Any CPU
	EndGlobalSection
	GlobalSection(ProjectConfigurationPlatforms) = postSolution
		{F706932A-4736-4FA8-BBF5-A320F79F995E}.Debug|Any CPU.ActiveCfg = Debug|Any CPU
		{F706932A-4736-4FA8-BBF5-A320F79F995E}.Debug|Any CPU.Build.0 = Debug|Any CPU
		{F706932A-4736-4FA8-BBF5-A320F79F995E}.Release|Any CPU.ActiveCfg = Release|Any CPU
		{F706932A-4736-4FA8-BBF5-A320F79F995E}.Release|Any CPU.Build.0 = Release|Any CPU
	EndGlobalSection
	GlobalSection(SolutionProperties) = preSolution
		HideSolutionNode = FALSE
	EndGlobalSection
	GlobalSection(ExtensibilityGlobals) = postSolution
		SolutionGuid = {3D0F3773-A23E-41DB-974D-8C01CD49F444}
	EndGlobalSection
EndGlobal
